
Microsoft Visual Studio Solution File, Format Version 12.00
# Visual Studio Version 16
VisualStudioVersion = 16.0.32802.440
MinimumVisualStudioVersion = 10.0.40219.1
Project("{FAE04EC0-301F-11D3-BF4B-00C04F79EFBC}") = "AutoMouse", "AutoMouse.csproj", "{AE8C3CE9-ABE6-44C3-901E-09078596099C}"
EndProject
Project("{54435603-DBB4-11D2-8724-00A0C9A8B90C}") = "自动滚", "..\自动滚\自动滚.vdproj", "{7A8B98A6-ECCC-4FF6-9C42-151719844D4E}"
EndProject
Global
	GlobalSection(SolutionConfigurationPlatforms) = preSolution
		Debug|Any CPU = Debug|Any CPU
		Release|Any CPU = Release|Any CPU
	EndGlobalSection
	GlobalSection(ProjectConfigurationPlatforms) = postSolution
		{AE8C3CE9-ABE6-44C3-901E-09078596099C}.Debug|Any CPU.ActiveCfg = Debug|Any CPU
		{AE8C3CE9-ABE6-44C3-901E-09078596099C}.Debug|Any CPU.Build.0 = Debug|Any CPU
		{AE8C3CE9-ABE6-44C3-901E-09078596099C}.Release|Any CPU.ActiveCfg = Release|Any CPU
		{AE8C3CE9-ABE6-44C3-901E-09078596099C}.Release|Any CPU.Build.0 = Release|Any CPU
		{7A8B98A6-ECCC-4FF6-9C42-151719844D4E}.Debug|Any CPU.ActiveCfg = Debug
		{7A8B98A6-ECCC-4FF6-9C42-151719844D4E}.Release|Any CPU.ActiveCfg = Release
	EndGlobalSection
	GlobalSection(SolutionProperties) = preSolution
		HideSolutionNode = FALSE
	EndGlobalSection
	GlobalSection(ExtensibilityGlobals) = postSolution
		SolutionGuid = {B437D5F0-D11E-4585-90D6-BC8A6B3D548E}
	EndGlobalSection
EndGlobal
